
Microsoft Visual Studio Solution File, Format Version 12.00
# Visual Studio Version 16
VisualStudioVersion = 16.0.30717.126
MinimumVisualStudioVersion = 10.0.40219.1
Project("{FAE04EC0-301F-11D3-BF4B-00C04F79EFBC}") = "PresentationLayer", "BuisnessLayer\PresentationLayer.csproj", "{C9C1C5AA-7386-4F1F-8384-EB4D07C00693}"
EndProject
Project("{FAE04EC0-301F-11D3-BF4B-00C04F79EFBC}") = "DataAccess", "DataAcess\DataAccess.csproj", "{F1157B6D-3572-402B-B142-9C872A606352}"
EndProject
Project("{FAE04EC0-301F-11D3-BF4B-00C04F79EFBC}") = "BuissnesLayer", "BuissnesLayer\BuissnesLayer.csproj", "{1F58227B-40FC-4135-B384-27877B1556CB}"
EndProject
Global
	GlobalSection(SolutionConfigurationPlatforms) = preSolution
		Debug|Any CPU = Debug|Any CPU
		Release|Any CPU = Release|Any CPU
	EndGlobalSection
	GlobalSection(ProjectConfigurationPlatforms) = postSolution
		{C9C1C5AA-7386-4F1F-8384-EB4D07C00693}.Debug|Any CPU.ActiveCfg = Debug|Any CPU
		{C9C1C5AA-7386-4F1F-8384-EB4D07C00693}.Debug|Any CPU.Build.0 = Debug|Any CPU
		{C9C1C5AA-7386-4F1F-8384-EB4D07C00693}.Release|Any CPU.ActiveCfg = Release|Any CPU
		{C9C1C5AA-7386-4F1F-8384-EB4D07C00693}.Release|Any CPU.Build.0 = Release|Any CPU
		{F1157B6D-3572-402B-B142-9C872A606352}.Debug|Any CPU.ActiveCfg = Debug|Any CPU
		{F1157B6D-3572-402B-B142-9C872A606352}.Debug|Any CPU.Build.0 = Debug|Any CPU
		{F1157B6D-3572-402B-B142-9C872A606352}.Release|Any CPU.ActiveCfg = Release|Any CPU
		{F1157B6D-3572-402B-B142-9C872A606352}.Release|Any CPU.Build.0 = Release|Any CPU
		{1F58227B-40FC-4135-B384-27877B1556CB}.Debug|Any CPU.ActiveCfg = Debug|Any CPU
		{1F58227B-40FC-4135-B384-27877B1556CB}.Debug|Any CPU.Build.0 = Debug|Any CPU
		{1F58227B-40FC-4135-B384-27877B1556CB}.Release|Any CPU.ActiveCfg = Release|Any CPU
		{1F58227B-40FC-4135-B384-27877B1556CB}.Release|Any CPU.Build.0 = Release|Any CPU
	EndGlobalSection
	GlobalSection(SolutionProperties) = preSolution
		HideSolutionNode = FALSE
	EndGlobalSection
	GlobalSection(ExtensibilityGlobals) = postSolution
		SolutionGuid = {AC5107C4-7292-4205-8E66-44123CFC9093}
	EndGlobalSection
EndGlobal
